{
    "hash": "507d3d5cc95bc5def91057ecec277f3c",
    "packages": [
        {
            "name": "literati/Annotations",
            "version": "dev-literati/production",
            "source": {
                "type": "git",
                "url": "git@github.com:literati/Annotations.git",
                "reference": "1335f3b697f6a1bdd157e17a649b3c06b3afaa4f"
            },
            "dist": {
                "type": "zip",
                "url": "https://github.com/literati/Annotations/zipball/1335f3b697f6a1bdd157e17a649b3c06b3afaa4f",
                "reference": "1335f3b697f6a1bdd157e17a649b3c06b3afaa4f",
                "shasum": ""
            },
            "time": "1350267140",
            "type": "omeka-plugin",
            "installation-source": "source",
            "support": {
                "source": "https://github.com/literati/Annotations/tree/literati/production",
                "issues": "https://github.com/literati/Annotations/issues"
            }
        },
        {
            "name": "literati/Neatline",
            "version": "dev-literati/production",
            "source": {
                "type": "git",
                "url": "git@github.com:literati/Neatline.git",
                "reference": "4051234480302fa7a6ce6062d3e8dce1bdfbc612"
            },
            "dist": {
                "type": "zip",
                "url": "https://github.com/literati/Neatline/zipball/4051234480302fa7a6ce6062d3e8dce1bdfbc612",
                "reference": "4051234480302fa7a6ce6062d3e8dce1bdfbc612",
                "shasum": ""
            },
            "time": "1350265466",
            "type": "omeka-plugin",
            "installation-source": "source",
            "support": {
                "source": "https://github.com/literati/Neatline/tree/literati/production"
            }
        },
        {
            "name": "literati/NeatlineFeatures",
            "version": "dev-literati/production",
            "source": {
                "type": "git",
                "url": "git@github.com:literati/NeatlineFeatures.git",
                "reference": "e721d1344e3a26ba21b57880f9eab7f4d7ffbfe0"
            },
            "dist": {
                "type": "zip",
                "url": "https://github.com/literati/NeatlineFeatures/zipball/e721d1344e3a26ba21b57880f9eab7f4d7ffbfe0",
                "reference": "e721d1344e3a26ba21b57880f9eab7f4d7ffbfe0",
                "shasum": ""
            },
            "time": "1350266390",
            "type": "omeka-plugin",
            "installation-source": "source",
            "support": {
                "source": "https://github.com/literati/NeatlineFeatures/tree/literati/production"
            }
        },
        {
            "name": "literati/NeatlineMaps",
            "version": "dev-literati/production",
            "source": {
                "type": "git",
                "url": "git@github.com:literati/NeatlineMaps.git",
                "reference": "32490391d0467036ba43060cd56983d88ddb88ed"
            },
            "dist": {
                "type": "zip",
                "url": "https://github.com/literati/NeatlineMaps/zipball/32490391d0467036ba43060cd56983d88ddb88ed",
                "reference": "32490391d0467036ba43060cd56983d88ddb88ed",
                "shasum": ""
            },
            "time": "1350266306",
            "type": "omeka-plugin",
            "installation-source": "source",
            "support": {
                "source": "https://github.com/literati/NeatlineMaps/tree/literati/production"
            }
        },
        {
            "name": "literati/NeatlineTime",
            "version": "dev-literati/production",
            "source": {
                "type": "git",
                "url": "git@github.com:literati/NeatlineTime.git",
                "reference": "a83687d332b54a45614fa9380a1c209bb67cea29"
            },
            "dist": {
                "type": "zip",
                "url": "https://github.com/literati/NeatlineTime/zipball/a83687d332b54a45614fa9380a1c209bb67cea29",
                "reference": "a83687d332b54a45614fa9380a1c209bb67cea29",
                "shasum": ""
            },
            "time": "1350266550",
            "type": "omeka-plugin",
            "installation-source": "source",
            "support": {
                "source": "https://github.com/literati/NeatlineTime/tree/literati/production"
            }
        },
        {
            "name": "literati/TeiDisplay",
            "version": "dev-literati/production",
            "source": {
                "type": "git",
                "url": "git@github.com:literati/TeiDisplay.git",
                "reference": "5d5c8084bfdeca8e01d6222fe2e121857e9c88bc"
            },
            "dist": {
                "type": "zip",
                "url": "https://github.com/literati/TeiDisplay/zipball/5d5c8084bfdeca8e01d6222fe2e121857e9c88bc",
                "reference": "5d5c8084bfdeca8e01d6222fe2e121857e9c88bc",
                "shasum": ""
            },
            "time": "1350229634",
            "type": "omeka-plugin",
            "installation-source": "source",
            "support": {
                "source": "https://github.com/literati/TeiDisplay/tree/literati/production",
                "issues": "https://github.com/literati/TeiDisplay/issues"
            }
        },
        {
            "name": "literati/TeiInteract",
            "version": "dev-literati/production",
            "source": {
                "type": "git",
                "url": "git@github.com:literati/TEI_Interact.git",
                "reference": "d2092e11756e4893587faa2955f802f5dbbbfa23"
            },
            "dist": {
                "type": "zip",
                "url": "https://github.com/literati/TEI_Interact/zipball/d2092e11756e4893587faa2955f802f5dbbbfa23",
                "reference": "d2092e11756e4893587faa2955f802f5dbbbfa23",
                "shasum": ""
            },
            "time": "1350228420",
            "type": "omeka-plugin",
            "installation-source": "source",
            "support": {
                "source": "https://github.com/literati/TEI_Interact/tree/literati/production",
                "issues": "https://github.com/literati/TEI_Interact/issues"
            }
        },
        {
            "name": "literati/installer",
            "version": "dev-master",
            "source": {
                "type": "git",
                "url": "git@github.com:literati/literati.git",
                "reference": "cda42cdfdde0232f7a2c49cd2b9798240597e281"
            },
            "dist": {
                "type": "zip",
                "url": "https://github.com/literati/literati/zipball/cda42cdfdde0232f7a2c49cd2b9798240597e281",
                "reference": "cda42cdfdde0232f7a2c49cd2b9798240597e281",
                "shasum": ""
            },
            "time": "1350266771",
            "type": "composer-installer",
            "extra": {
                "class": "literati\\Installer"
            },
            "installation-source": "source",
            "autoload": {
                "psr-0": {
                    "literati": "src/"
                }
            },
            "support": {
                "source": "https://github.com/literati/literati/tree/master",
                "issues": "https://github.com/literati/literati/issues"
            }
        },
        {
            "name": "literati/omeka-foundation",
            "version": "dev-literati/production",
            "source": {
                "type": "git",
                "url": "git@github.com:literati/omeka-foundation.git",
                "reference": "28a1542e2d4a571f8561d9b4080c315fccb5016d"
            },
            "dist": {
                "type": "zip",
                "url": "https://github.com/literati/omeka-foundation/zipball/28a1542e2d4a571f8561d9b4080c315fccb5016d",
                "reference": "28a1542e2d4a571f8561d9b4080c315fccb5016d",
                "shasum": ""
            },
            "time": "1350229777",
            "type": "omeka-theme",
            "installation-source": "source",
            "support": {
                "source": "https://github.com/literati/omeka-foundation/tree/literati/production"
            }
        },
        {
            "name": "literati/plugin-CollectionTree",
            "version": "dev-literati/production",
            "source": {
                "type": "git",
                "url": "git@github.com:literati/plugin-CollectionTree.git",
                "reference": "63a24214d84e4e88464740b837de51da45180f6d"
            },
            "dist": {
                "type": "zip",
                "url": "https://github.com/literati/plugin-CollectionTree/zipball/63a24214d84e4e88464740b837de51da45180f6d",
                "reference": "63a24214d84e4e88464740b837de51da45180f6d",
                "shasum": ""
            },
            "time": "1350264444",
            "type": "omeka-plugin",
            "installation-source": "source",
            "support": {
                "source": "https://github.com/literati/plugin-CollectionTree/tree/master"
            }
        },
        {
            "name": "literati/plugin-Geolocation",
            "version": "dev-literati/production",
            "source": {
                "type": "git",
                "url": "git@github.com:literati/plugin-Geolocation.git",
                "reference": "bce4f884d2e5c09502c043f3ccd208e206ab0928"
            },
            "dist": {
                "type": "zip",
                "url": "https://github.com/literati/plugin-Geolocation/zipball/bce4f884d2e5c09502c043f3ccd208e206ab0928",
                "reference": "bce4f884d2e5c09502c043f3ccd208e206ab0928",
                "shasum": ""
            },
            "time": "1350264987",
            "type": "omeka-plugin",
            "installation-source": "source",
            "support": {
                "source": "https://github.com/literati/plugin-Geolocation/tree/literati/production"
            }
        },
        {
            "name": "literati/plugin-ItemRelations",
            "version": "dev-literati/production",
            "source": {
                "type": "git",
                "url": "git@github.com:literati/plugin-ItemRelations.git",
                "reference": "4f4888a5854f89206907866eee7dbe86d42c338d"
            },
            "dist": {
                "type": "zip",
                "url": "https://github.com/literati/plugin-ItemRelations/zipball/4f4888a5854f89206907866eee7dbe86d42c338d",
                "reference": "4f4888a5854f89206907866eee7dbe86d42c338d",
                "shasum": ""
            },
            "time": "1350229582",
            "type": "omeka-plugin",
            "installation-source": "source",
            "support": {
                "source": "https://github.com/literati/plugin-ItemRelations/tree/literati/production",
                "issues": "https://github.com/literati/plugin-ItemRelations/issues"
            }
        }
    ],
    "packages-dev": null,
    "aliases": [

    ],
    "minimum-stability": "stable",
    "stability-flags": {
        "literati/installer": 20,
        "literati/annotations": 20,
        "literati/teiinteract": 20,
        "literati/teidisplay": 20,
        "literati/omeka-foundation": 20,
        "literati/plugin-itemrelations": 20,
        "literati/plugin-collectiontree": 20,
        "literati/plugin-geolocation": 20,
        "literati/neatline": 20,
        "literati/neatlinefeatures": 20,
        "literati/neatlinemaps": 20,
        "literati/neatlinetime": 20
    }
}
